
Microsoft Visual Studio Solution File, Format Version 12.00
# Visual Studio Version 16
VisualStudioVersion = 16.0.30611.23
MinimumVisualStudioVersion = 10.0.40219.1
Project("{FAE04EC0-301F-11D3-BF4B-00C04F79EFBC}") = "CRM test", "CRM test\CRM test.csproj", "{8791CAFC-5318-47F5-BC45-FB5156A6CEAC}"
EndProject
Global
	GlobalSection(SolutionConfigurationPlatforms) = preSolution
		Debug|Any CPU = Debug|Any CPU
		Release|Any CPU = Release|Any CPU
	EndGlobalSection
	GlobalSection(ProjectConfigurationPlatforms) = postSolution
		{8791CAFC-5318-47F5-BC45-FB5156A6CEAC}.Debug|Any CPU.ActiveCfg = Debug|Any CPU
		{8791CAFC-5318-47F5-BC45-FB5156A6CEAC}.Debug|Any CPU.Build.0 = Debug|Any CPU
		{8791CAFC-5318-47F5-BC45-FB5156A6CEAC}.Release|Any CPU.ActiveCfg = Release|Any CPU
		{8791CAFC-5318-47F5-BC45-FB5156A6CEAC}.Release|Any CPU.Build.0 = Release|Any CPU
	EndGlobalSection
	GlobalSection(SolutionProperties) = preSolution
		HideSolutionNode = FALSE
	EndGlobalSection
	GlobalSection(ExtensibilityGlobals) = postSolution
		SolutionGuid = {4408D55F-1776-4EAF-9121-19F14282B9DB}
	EndGlobalSection
EndGlobal
